{
  "nodes": {
    "flake-utils": {
      "locked": {
        "lastModified": 1623875721,
        "narHash": "sha256-A8BU7bjS5GirpAUv4QA+QnJ4CceLHkcXdRp4xITDB0s=",
        "owner": "numtide",
        "repo": "flake-utils",
        "rev": "f7e004a55b120c02ecb6219596820fcd32ca8772",
        "type": "github"
      },
      "original": {
        "owner": "numtide",
        "repo": "flake-utils",
        "type": "github"
      }
    },
    "home-manager": {
      "inputs": {
        "nixpkgs": [
          "nixpkgs"
        ]
      },
      "locked": {
        "lastModified": 1628468976,
        "narHash": "sha256-NHgYsXZuLWEePrC+65b8EtKQg714H9NB7cO4BM4V5JQ=",
        "owner": "rycee",
        "repo": "home-manager",
        "rev": "2c4234cb79684646657f9cfcd4075c3122845670",
        "type": "github"
      },
      "original": {
        "owner": "rycee",
        "ref": "master",
        "repo": "home-manager",
        "type": "github"
      }
    },
    "nixpkgs": {
      "locked": {
        "lastModified": 1628537093,
        "narHash": "sha256-jJ8vZ9AAHN7olsBEJxLj+Ur5jO/oqwRdduwAWJA3zHg=",
        "owner": "nixos",
        "repo": "nixpkgs",
        "rev": "20bcb6cc0d964372f9e79b65251ea91bdf848a69",
        "type": "github"
      },
      "original": {
        "owner": "nixos",
        "repo": "nixpkgs",
        "type": "github"
      }
    },
    "npiperelay": {
      "inputs": {
        "nixpkgs": [
          "nixpkgs"
        ]
      },
      "locked": {
        "narHash": "sha256-Sc0Rk9o9SANSITxBSfuIIy7rZQLVV61GZtZeVc9h3g8=",
        "path": "./npiperelay",
        "type": "path"
      },
      "original": {
        "path": "./npiperelay",
        "type": "path"
      }
    },
    "root": {
      "inputs": {
        "flake-utils": "flake-utils",
        "home-manager": "home-manager",
        "nixpkgs": "nixpkgs",
        "npiperelay": "npiperelay"
      }
    }
  },
  "root": "root",
  "version": 7
}
